{
  "nodes": {
    "disko": {
      "inputs": {
        "nixpkgs": [
          "nixpkgs"
        ]
      },
      "locked": {
        "lastModified": 1704071788,
        "narHash": "sha256-Q7iJBuUIF9T3Fu9Ax57RXZ0pnNHdZKu4PPJrWn5OW64=",
        "owner": "nix-community",
        "repo": "disko",
        "rev": "f772d2045eeedf6b7c2e636fd1f0b876b4aa9785",
        "type": "github"
      },
      "original": {
        "owner": "nix-community",
        "repo": "disko",
        "type": "github"
      }
    },
    "home-manager": {
      "inputs": {
        "nixpkgs": "nixpkgs"
      },
      "locked": {
        "lastModified": 1703995158,
        "narHash": "sha256-oYMwbObpWheGeeNWY1LjO/+omrbAWDNdyzNDxTr2jo8=",
        "owner": "nix-community",
        "repo": "home-manager",
        "rev": "2e8634c252890cb38c60ab996af04926537cbc27",
        "type": "github"
      },
      "original": {
        "owner": "nix-community",
        "repo": "home-manager",
        "type": "github"
      }
    },
    "nixos-hardware": {
      "locked": {
        "lastModified": 1704061647,
        "narHash": "sha256-M/Kxfmb/fkgOz94jQ9eLFpXOhjQJ3CRmdPhVIVXqJmg=",
        "owner": "NixOS",
        "repo": "nixos-hardware",
        "rev": "316bc98323fe3a7e7f72dbbbe68dce0cce3d4984",
        "type": "github"
      },
      "original": {
        "id": "nixos-hardware",
        "type": "indirect"
      }
    },
    "nixpkgs": {
      "locked": {
        "lastModified": 1703637592,
        "narHash": "sha256-8MXjxU0RfFfzl57Zy3OfXCITS0qWDNLzlBAdwxGZwfY=",
        "owner": "NixOS",
        "repo": "nixpkgs",
        "rev": "cfc3698c31b1fb9cdcf10f36c9643460264d0ca8",
        "type": "github"
      },
      "original": {
        "owner": "NixOS",
        "ref": "nixos-unstable",
        "repo": "nixpkgs",
        "type": "github"
      }
    },
    "nixpkgs_2": {
      "locked": {
        "lastModified": 1703637592,
        "narHash": "sha256-8MXjxU0RfFfzl57Zy3OfXCITS0qWDNLzlBAdwxGZwfY=",
        "owner": "nixos",
        "repo": "nixpkgs",
        "rev": "cfc3698c31b1fb9cdcf10f36c9643460264d0ca8",
        "type": "github"
      },
      "original": {
        "owner": "nixos",
        "ref": "nixos-unstable",
        "repo": "nixpkgs",
        "type": "github"
      }
    },
    "root": {
      "inputs": {
        "disko": "disko",
        "home-manager": "home-manager",
        "nixos-hardware": "nixos-hardware",
        "nixpkgs": "nixpkgs_2"
      }
    }
  },
  "root": "root",
  "version": 7
}
