lockfileVersion: '6.0'

settings:
  autoInstallPeers: true
  excludeLinksFromLockfile: false

dependencies:
  '@girs/cairo-1.0':
    specifier: ^1.0.0-3.2.7
    version: 1.0.0-3.2.7
  '@girs/dbusmenugtk3-0.4':
    specifier: ^0.4.0-3.2.0
    version: 0.4.0-3.2.7
  '@girs/gjs':
    specifier: ^3.2.7
    version: 3.2.7
  '@girs/gtk-3.0':
    specifier: ^3.24.39-3.2.2
    version: 3.24.39-3.2.2
  '@girs/gvc-1.0':
    specifier: ^1.0.0-3.1.0
    version: 1.0.0-3.2.7
  '@girs/nm-1.0':
    specifier: ^1.43.1-3.1.0
    version: 1.43.1-3.1.0
  '@girs/notify-0.7':
    specifier: ^0.8.3-3.2.7
    version: 0.8.3-3.2.7
  '@girs/soup-3.0':
    specifier: ^3.4.4-3.2.6
    version: 3.4.4-3.2.7
  ags:
    specifier: github:Aylur/ags
    version: github.com/Aylur/ags/524bad0e5ea8560ad4d9bd46862b25d7636296b6
  esbuild:
    specifier: ^0.19.11
    version: 0.19.11
  typescript:
    specifier: ^5.3.3
    version: 5.3.3

packages:

  /@esbuild/aix-ppc64@0.19.11:
    resolution: {integrity: sha512-FnzU0LyE3ySQk7UntJO4+qIiQgI7KoODnZg5xzXIrFJlKd2P2gwHsHY4927xj9y5PJmJSzULiUCWmv7iWnNa7g==}
    engines: {node: '>=12'}
    cpu: [ppc64]
    os: [aix]
    requiresBuild: true
    dev: false
    optional: true

  /@esbuild/android-arm64@0.19.11:
    resolution: {integrity: sha512-aiu7K/5JnLj//KOnOfEZ0D90obUkRzDMyqd/wNAUQ34m4YUPVhRZpnqKV9uqDGxT7cToSDnIHsGooyIczu9T+Q==}
    engines: {node: '>=12'}
    cpu: [arm64]
    os: [android]
    requiresBuild: true
    dev: false
    optional: true

  /@esbuild/android-arm@0.19.11:
    resolution: {integrity: sha512-5OVapq0ClabvKvQ58Bws8+wkLCV+Rxg7tUVbo9xu034Nm536QTII4YzhaFriQ7rMrorfnFKUsArD2lqKbFY4vw==}
    engines: {node: '>=12'}
    cpu: [arm]
    os: [android]
    requiresBuild: true
    dev: false
    optional: true

  /@esbuild/android-x64@0.19.11:
    resolution: {integrity: sha512-eccxjlfGw43WYoY9QgB82SgGgDbibcqyDTlk3l3C0jOVHKxrjdc9CTwDUQd0vkvYg5um0OH+GpxYvp39r+IPOg==}
    engines: {node: '>=12'}
    cpu: [x64]
    os: [android]
    requiresBuild: true
    dev: false
    optional: true

  /@esbuild/darwin-arm64@0.19.11:
    resolution: {integrity: sha512-ETp87DRWuSt9KdDVkqSoKoLFHYTrkyz2+65fj9nfXsaV3bMhTCjtQfw3y+um88vGRKRiF7erPrh/ZuIdLUIVxQ==}
    engines: {node: '>=12'}
    cpu: [arm64]
    os: [darwin]
    requiresBuild: true
    dev: false
    optional: true

  /@esbuild/darwin-x64@0.19.11:
    resolution: {integrity: sha512-fkFUiS6IUK9WYUO/+22omwetaSNl5/A8giXvQlcinLIjVkxwTLSktbF5f/kJMftM2MJp9+fXqZ5ezS7+SALp4g==}
    engines: {node: '>=12'}
    cpu: [x64]
    os: [darwin]
    requiresBuild: true
    dev: false
    optional: true

  /@esbuild/freebsd-arm64@0.19.11:
    resolution: {integrity: sha512-lhoSp5K6bxKRNdXUtHoNc5HhbXVCS8V0iZmDvyWvYq9S5WSfTIHU2UGjcGt7UeS6iEYp9eeymIl5mJBn0yiuxA==}
    engines: {node: '>=12'}
    cpu: [arm64]
    os: [freebsd]
    requiresBuild: true
    dev: false
    optional: true

  /@esbuild/freebsd-x64@0.19.11:
    resolution: {integrity: sha512-JkUqn44AffGXitVI6/AbQdoYAq0TEullFdqcMY/PCUZ36xJ9ZJRtQabzMA+Vi7r78+25ZIBosLTOKnUXBSi1Kw==}
    engines: {node: '>=12'}
    cpu: [x64]
    os: [freebsd]
    requiresBuild: true
    dev: false
    optional: true

  /@esbuild/linux-arm64@0.19.11:
    resolution: {integrity: sha512-LneLg3ypEeveBSMuoa0kwMpCGmpu8XQUh+mL8XXwoYZ6Be2qBnVtcDI5azSvh7vioMDhoJFZzp9GWp9IWpYoUg==}
    engines: {node: '>=12'}
    cpu: [arm64]
    os: [linux]
    requiresBuild: true
    dev: false
    optional: true

  /@esbuild/linux-arm@0.19.11:
    resolution: {integrity: sha512-3CRkr9+vCV2XJbjwgzjPtO8T0SZUmRZla+UL1jw+XqHZPkPgZiyWvbDvl9rqAN8Zl7qJF0O/9ycMtjU67HN9/Q==}
    engines: {node: '>=12'}
    cpu: [arm]
    os: [linux]
    requiresBuild: true
    dev: false
    optional: true

  /@esbuild/linux-ia32@0.19.11:
    resolution: {integrity: sha512-caHy++CsD8Bgq2V5CodbJjFPEiDPq8JJmBdeyZ8GWVQMjRD0sU548nNdwPNvKjVpamYYVL40AORekgfIubwHoA==}
    engines: {node: '>=12'}
    cpu: [ia32]
    os: [linux]
    requiresBuild: true
    dev: false
    optional: true

  /@esbuild/linux-loong64@0.19.11:
    resolution: {integrity: sha512-ppZSSLVpPrwHccvC6nQVZaSHlFsvCQyjnvirnVjbKSHuE5N24Yl8F3UwYUUR1UEPaFObGD2tSvVKbvR+uT1Nrg==}
    engines: {node: '>=12'}
    cpu: [loong64]
    os: [linux]
    requiresBuild: true
    dev: false
    optional: true

  /@esbuild/linux-mips64el@0.19.11:
    resolution: {integrity: sha512-B5x9j0OgjG+v1dF2DkH34lr+7Gmv0kzX6/V0afF41FkPMMqaQ77pH7CrhWeR22aEeHKaeZVtZ6yFwlxOKPVFyg==}
    engines: {node: '>=12'}
    cpu: [mips64el]
    os: [linux]
    requiresBuild: true
    dev: false
    optional: true

  /@esbuild/linux-ppc64@0.19.11:
    resolution: {integrity: sha512-MHrZYLeCG8vXblMetWyttkdVRjQlQUb/oMgBNurVEnhj4YWOr4G5lmBfZjHYQHHN0g6yDmCAQRR8MUHldvvRDA==}
    engines: {node: '>=12'}
    cpu: [ppc64]
    os: [linux]
    requiresBuild: true
    dev: false
    optional: true

  /@esbuild/linux-riscv64@0.19.11:
    resolution: {integrity: sha512-f3DY++t94uVg141dozDu4CCUkYW+09rWtaWfnb3bqe4w5NqmZd6nPVBm+qbz7WaHZCoqXqHz5p6CM6qv3qnSSQ==}
    engines: {node: '>=12'}
    cpu: [riscv64]
    os: [linux]
    requiresBuild: true
    dev: false
    optional: true

  /@esbuild/linux-s390x@0.19.11:
    resolution: {integrity: sha512-A5xdUoyWJHMMlcSMcPGVLzYzpcY8QP1RtYzX5/bS4dvjBGVxdhuiYyFwp7z74ocV7WDc0n1harxmpq2ePOjI0Q==}
    engines: {node: '>=12'}
    cpu: [s390x]
    os: [linux]
    requiresBuild: true
    dev: false
    optional: true

  /@esbuild/linux-x64@0.19.11:
    resolution: {integrity: sha512-grbyMlVCvJSfxFQUndw5mCtWs5LO1gUlwP4CDi4iJBbVpZcqLVT29FxgGuBJGSzyOxotFG4LoO5X+M1350zmPA==}
    engines: {node: '>=12'}
    cpu: [x64]
    os: [linux]
    requiresBuild: true
    dev: false
    optional: true

  /@esbuild/netbsd-x64@0.19.11:
    resolution: {integrity: sha512-13jvrQZJc3P230OhU8xgwUnDeuC/9egsjTkXN49b3GcS5BKvJqZn86aGM8W9pd14Kd+u7HuFBMVtrNGhh6fHEQ==}
    engines: {node: '>=12'}
    cpu: [x64]
    os: [netbsd]
    requiresBuild: true
    dev: false
    optional: true

  /@esbuild/openbsd-x64@0.19.11:
    resolution: {integrity: sha512-ysyOGZuTp6SNKPE11INDUeFVVQFrhcNDVUgSQVDzqsqX38DjhPEPATpid04LCoUr2WXhQTEZ8ct/EgJCUDpyNw==}
    engines: {node: '>=12'}
    cpu: [x64]
    os: [openbsd]
    requiresBuild: true
    dev: false
    optional: true

  /@esbuild/sunos-x64@0.19.11:
    resolution: {integrity: sha512-Hf+Sad9nVwvtxy4DXCZQqLpgmRTQqyFyhT3bZ4F2XlJCjxGmRFF0Shwn9rzhOYRB61w9VMXUkxlBy56dk9JJiQ==}
    engines: {node: '>=12'}
    cpu: [x64]
    os: [sunos]
    requiresBuild: true
    dev: false
    optional: true

  /@esbuild/win32-arm64@0.19.11:
    resolution: {integrity: sha512-0P58Sbi0LctOMOQbpEOvOL44Ne0sqbS0XWHMvvrg6NE5jQ1xguCSSw9jQeUk2lfrXYsKDdOe6K+oZiwKPilYPQ==}
    engines: {node: '>=12'}
    cpu: [arm64]
    os: [win32]
    requiresBuild: true
    dev: false
    optional: true

  /@esbuild/win32-ia32@0.19.11:
    resolution: {integrity: sha512-6YOrWS+sDJDmshdBIQU+Uoyh7pQKrdykdefC1avn76ss5c+RN6gut3LZA4E2cH5xUEp5/cA0+YxRaVtRAb0xBg==}
    engines: {node: '>=12'}
    cpu: [ia32]
    os: [win32]
    requiresBuild: true
    dev: false
    optional: true

  /@esbuild/win32-x64@0.19.11:
    resolution: {integrity: sha512-vfkhltrjCAb603XaFhqhAF4LGDi2M4OrCRrFusyQ+iTLQ/o60QQXxc9cZC/FFpihBI9N1Grn6SMKVJ4KP7Fuiw==}
    engines: {node: '>=12'}
    cpu: [x64]
    os: [win32]
    requiresBuild: true
    dev: false
    optional: true

  /@girs/atk-1.0@2.45.1-3.2.2:
    resolution: {integrity: sha512-+ba+w8s3CuIHBXNtfUtqbMy+lpa+SxY+ksu5i9QSINvKod6RHXSglXYiRAjKsP3nVyTc+FaF7ymYvqGbM42HHw==}
    dependencies:
      '@girs/gjs': 3.2.7
      '@girs/glib-2.0': 2.77.0-3.2.2
      '@girs/gobject-2.0': 2.77.0-3.2.2
    dev: false

  /@girs/atk-1.0@2.50.0-3.2.7:
    resolution: {integrity: sha512-4HBiLdINigopQksxhZCToRHPh2oUjL32ogZ/JzHqrxB+SMF3wSNS2nuyRI/RRhx0wDIrq+8H9PgQ1gzsbhxdWg==}
    dependencies:
      '@girs/gjs': 3.2.7
      '@girs/glib-2.0': 2.78.0-3.2.7
      '@girs/gobject-2.0': 2.78.0-3.2.7
    dev: false

  /@girs/cairo-1.0@1.0.0-3.2.7:
    resolution: {integrity: sha512-WeAyTY8tUoVe8W1IDbxOYDczWyUotg/7sjzWPv5TXQJJAe3vZ6TfkYPSIlnQHkQ43XfWhSa0JA2s5Oitttdu0g==}
    dependencies:
      '@girs/gjs': 3.2.7
      '@girs/glib-2.0': 2.78.0-3.2.7
      '@girs/gobject-2.0': 2.78.0-3.2.7
    dev: false

  /@girs/dbusmenu-0.4@0.4.0-3.2.7:
    resolution: {integrity: sha512-an1dfWFolB7hLvjiiaS0P9z2FcjylCiGrn3KpAr/h3AKX64ayVjYCiuVpGv/VYBrO8XjfruYKVah2jRM8qrIEQ==}
    dependencies:
      '@girs/gjs': 3.2.7
      '@girs/glib-2.0': 2.78.0-3.2.7
      '@girs/gobject-2.0': 2.78.0-3.2.7
    dev: false

  /@girs/dbusmenugtk3-0.4@0.4.0-3.2.7:
    resolution: {integrity: sha512-0R2j3/nyaZmzV2IF5T0jZZFiiFGiZhS24To3ameYv2w3Ez75pcuCg2JlNbO+V3CdOsCUNmAZMowCN5HL8zavMw==}
    dependencies:
      '@girs/atk-1.0': 2.50.0-3.2.7
      '@girs/cairo-1.0': 1.0.0-3.2.7
      '@girs/dbusmenu-0.4': 0.4.0-3.2.7
      '@girs/freetype2-2.0': 2.0.0-3.2.7
      '@girs/gdk-3.0': 3.24.38-3.2.7
      '@girs/gdkpixbuf-2.0': 2.0.0-3.2.7
      '@girs/gio-2.0': 2.78.0-3.2.7
      '@girs/gjs': 3.2.7
      '@girs/glib-2.0': 2.78.0-3.2.7
      '@girs/gmodule-2.0': 2.0.0-3.2.7
      '@girs/gobject-2.0': 2.78.0-3.2.7
      '@girs/gtk-3.0': 3.24.38-3.2.7
      '@girs/harfbuzz-0.0': 8.2.1-3.2.7
      '@girs/pango-1.0': 1.51.0-3.2.7
      '@girs/xlib-2.0': 2.0.0-3.2.7
    dev: false

  /@girs/freetype2-2.0@2.0.0-3.2.7:
    resolution: {integrity: sha512-oapcm7uCVWyL9N7VHuBOxbCWTa9QoF1EX6DFAwpGK4gwVrkjedZ4kZuxtza1gsZrkmYlWNK66H7YShFHgUWdPw==}
    dependencies:
      '@girs/gjs': 3.2.7
      '@girs/gobject-2.0': 2.78.0-3.2.7
    dev: false

  /@girs/gdk-3.0@3.24.38-3.2.7:
    resolution: {integrity: sha512-WEQji730jgaNbQh3g0Vhuq6TvZz16ysgt+FAuNHB2I+9lKVbb8xBNg5VOe2uqRFSKQ4/Rt+RN0U36rFFyo8M6A==}
    dependencies:
      '@girs/cairo-1.0': 1.0.0-3.2.7
      '@girs/freetype2-2.0': 2.0.0-3.2.7
      '@girs/gdkpixbuf-2.0': 2.0.0-3.2.7
      '@girs/gio-2.0': 2.78.0-3.2.7
      '@girs/gjs': 3.2.7
      '@girs/glib-2.0': 2.78.0-3.2.7
      '@girs/gmodule-2.0': 2.0.0-3.2.7
      '@girs/gobject-2.0': 2.78.0-3.2.7
      '@girs/harfbuzz-0.0': 8.2.1-3.2.7
      '@girs/pango-1.0': 1.51.0-3.2.7
    dev: false

  /@girs/gdk-3.0@3.24.39-3.2.2:
    resolution: {integrity: sha512-nZ6DUQ/UfcW2y3ZtE1pfhBgerUkacXYpCuHJB2cp2moWHt82/w5H7zsUSr43rSzQqkFZCPQOsjUSX0VAJQfYTw==}
    dependencies:
      '@girs/cairo-1.0': 1.0.0-3.2.7
      '@girs/freetype2-2.0': 2.0.0-3.2.7
      '@girs/gdkpixbuf-2.0': 2.0.0-3.2.7
      '@girs/gio-2.0': 2.77.0-3.2.2
      '@girs/gjs': 3.2.7
      '@girs/glib-2.0': 2.77.0-3.2.2
      '@girs/gmodule-2.0': 2.0.0-3.2.7
      '@girs/gobject-2.0': 2.77.0-3.2.2
      '@girs/harfbuzz-0.0': 7.1.0-3.2.3
      '@girs/pango-1.0': 1.51.0-3.2.7
    dev: false

  /@girs/gdkpixbuf-2.0@2.0.0-3.2.7:
    resolution: {integrity: sha512-/POHLvRlJ6QYO8Wkrj2PDQT2lYh1vJFOHcfWd/yhtr7P3WWKGqOEG5NJAg81bMG8UIZOrc00HALXfCgbAalKGg==}
    dependencies:
      '@girs/gio-2.0': 2.78.0-3.2.7
      '@girs/gjs': 3.2.7
      '@girs/glib-2.0': 2.78.0-3.2.7
      '@girs/gmodule-2.0': 2.0.0-3.2.7
      '@girs/gobject-2.0': 2.78.0-3.2.7
    dev: false

  /@girs/gio-2.0@2.76.1-3.2.3:
    resolution: {integrity: sha512-6SK2z2YsZrxdoumXW7taI1S2HIBvWcFoKWAot0A5coMskJOnt6HnNxIMTBbN5YhkOs855YHqfaLYeNNU3Y3M2A==}
    dependencies:
      '@girs/gjs': 3.2.7
      '@girs/glib-2.0': 2.76.1-3.2.3
      '@girs/gobject-2.0': 2.76.1-3.2.3
    dev: false

  /@girs/gio-2.0@2.77.0-3.2.2:
    resolution: {integrity: sha512-AwxseNiPYXcPo5piyBc3Vb/+7ednxZgj2fcqOgys6Hmp40FrhNJphr4et87UBT1MOTA4sb4fyJNsSdQ2y9dfYQ==}
    dependencies:
      '@girs/gjs': 3.2.7
      '@girs/glib-2.0': 2.77.0-3.2.2
      '@girs/gobject-2.0': 2.77.0-3.2.2
    dev: false

  /@girs/gio-2.0@2.78.0-3.2.7:
    resolution: {integrity: sha512-88GNniBwxAsXrfA+T1wNUxoQk8HivDZUVq1KF3ZsomrQyRDcwCgQLcLyC6c5ZAkg6xwnHZmTIWoYgITiee/lLA==}
    dependencies:
      '@girs/gjs': 3.2.7
      '@girs/glib-2.0': 2.78.0-3.2.7
      '@girs/gobject-2.0': 2.78.0-3.2.7
    dev: false

  /@girs/gjs@3.2.7:
    resolution: {integrity: sha512-gaZLkffVm2e5zvyyGNcDgFgyL5WaHZWUr0XBLtuKEM17/qA4udZQRif7HkW//PG8T2AQpuOfSdRj7uJrItykNw==}
    dependencies:
      '@girs/glib-2.0': 2.78.0-3.2.7
      '@girs/gobject-2.0': 2.78.0-3.2.7
    dev: false

  /@girs/glib-2.0@2.76.1-3.2.3:
    resolution: {integrity: sha512-pY/ZE2WPco9E8Cz5+wTqxEOdVpipEQBRDJXVd/KQCoRjTSvgoMLLEE8B84W0LgOgR8ns99XtGZrf0U0y4qFqyA==}
    dependencies:
      '@girs/gjs': 3.2.7
      '@girs/gobject-2.0': 2.76.1-3.2.3
    dev: false

  /@girs/glib-2.0@2.77.0-3.2.2:
    resolution: {integrity: sha512-cFWgYKKBR58+er7MOYTFcws5MHEQUD74VaGUEBLUTjFh9EsyIXOOcaU+Z6cteObGDo9ZYdlr8RBAdKI8H18sqQ==}
    dependencies:
      '@girs/gjs': 3.2.7
      '@girs/gobject-2.0': 2.77.0-3.2.2
    dev: false

  /@girs/glib-2.0@2.78.0-3.2.7:
    resolution: {integrity: sha512-h1zGUd58VnQn93Xws91E0mwio8weBWdqDn6sm5Q0xzPmhGGH8+9h/z9JGc7YKj32PnlWrPJ8r9lxeyvO57zT6A==}
    dependencies:
      '@girs/gjs': 3.2.7
      '@girs/gobject-2.0': 2.78.0-3.2.7
    dev: false

  /@girs/gmodule-2.0@2.0.0-3.2.7:
    resolution: {integrity: sha512-7B+rAZ6grSYwSOz2p4h8hSKoK5QIuSVHEM7qGUTC6qpPiLvREcaBNGJSGgAMgxtRhyXPYVsUyLhMgUokrFUC+g==}
    dependencies:
      '@girs/gjs': 3.2.7
      '@girs/glib-2.0': 2.78.0-3.2.7
      '@girs/gobject-2.0': 2.78.0-3.2.7
    dev: false

  /@girs/gobject-2.0@2.76.1-3.2.3:
    resolution: {integrity: sha512-9X35d1ZRO4xY9b0iOm51MwjfbgvOGQtNs2A9IWcSlaoI4LB5mCRlPlQ1UFhpqcbbmdrL+Cce/0p3F36x5rn/dg==}
    dependencies:
      '@girs/gjs': 3.2.7
      '@girs/glib-2.0': 2.76.1-3.2.3
    dev: false

  /@girs/gobject-2.0@2.77.0-3.2.2:
    resolution: {integrity: sha512-psnnFhNY+49SXzdTDpHwnySMTDtHYDP9rxMx1Xb1UVE1JaxwuI0YLrylt+Zv0boGczmwol8afxZw2Z9TnSSocg==}
    dependencies:
      '@girs/gjs': 3.2.7
      '@girs/glib-2.0': 2.77.0-3.2.2
    dev: false

  /@girs/gobject-2.0@2.78.0-3.2.7:
    resolution: {integrity: sha512-BSYxXv4NHZS7ANo0up8N9Dfl3FysIxqsUXmHAMmVkUNdNPfaRyiXnSBiFYzkFdkHQFDoQhM5+RsXz4R94ZLlsw==}
    dependencies:
      '@girs/gjs': 3.2.7
      '@girs/glib-2.0': 2.78.0-3.2.7
    dev: false

  /@girs/gtk-3.0@3.24.38-3.2.7:
    resolution: {integrity: sha512-30abOOkD9YzURYgcKLlMs4auNgYbp8SxH5JdKfOmV0v8P5jEO+0rV8riJZn7bAQKIrl8Y5fGvqwx/yl/UVpVig==}
    dependencies:
      '@girs/atk-1.0': 2.50.0-3.2.7
      '@girs/cairo-1.0': 1.0.0-3.2.7
      '@girs/freetype2-2.0': 2.0.0-3.2.7
      '@girs/gdk-3.0': 3.24.38-3.2.7
      '@girs/gdkpixbuf-2.0': 2.0.0-3.2.7
      '@girs/gio-2.0': 2.78.0-3.2.7
      '@girs/gjs': 3.2.7
      '@girs/glib-2.0': 2.78.0-3.2.7
      '@girs/gmodule-2.0': 2.0.0-3.2.7
      '@girs/gobject-2.0': 2.78.0-3.2.7
      '@girs/harfbuzz-0.0': 8.2.1-3.2.7
      '@girs/pango-1.0': 1.51.0-3.2.7
      '@girs/xlib-2.0': 2.0.0-3.2.7
    dev: false

  /@girs/gtk-3.0@3.24.39-3.2.2:
    resolution: {integrity: sha512-s12hGKHGM+aHD6ESOP0RhWaCV17ls6gIHLdtIMxFkHqV/2G146jowfl92c5IAzOgD7mS5ZvUmVRNrW4idY1BUQ==}
    dependencies:
      '@girs/atk-1.0': 2.45.1-3.2.2
      '@girs/cairo-1.0': 1.0.0-3.2.7
      '@girs/freetype2-2.0': 2.0.0-3.2.7
      '@girs/gdk-3.0': 3.24.39-3.2.2
      '@girs/gdkpixbuf-2.0': 2.0.0-3.2.7
      '@girs/gio-2.0': 2.77.0-3.2.2
      '@girs/gjs': 3.2.7
      '@girs/glib-2.0': 2.77.0-3.2.2
      '@girs/gmodule-2.0': 2.0.0-3.2.7
      '@girs/gobject-2.0': 2.77.0-3.2.2
      '@girs/harfbuzz-0.0': 7.1.0-3.2.3
      '@girs/pango-1.0': 1.51.0-3.2.7
      '@girs/xlib-2.0': 2.0.0-3.2.7
    dev: false

  /@girs/gvc-1.0@1.0.0-3.2.7:
    resolution: {integrity: sha512-5B6YxXRzqo6JbZg4B8KtEOEsUhfEZYo9yESgf95lhWeUXpS6JjJFg/lQ85E/KFDQmKtAJ/UYglmLa8omVvH5DA==}
    dependencies:
      '@girs/gio-2.0': 2.78.0-3.2.7
      '@girs/gjs': 3.2.7
      '@girs/glib-2.0': 2.78.0-3.2.7
      '@girs/gobject-2.0': 2.78.0-3.2.7
    dev: false

  /@girs/harfbuzz-0.0@7.1.0-3.2.3:
    resolution: {integrity: sha512-z9fpiJBni97ioU2f1BIrfHCoTD2HDt0h2kaa0EL9n6DvzhntRXUc56cRRRohhXMyIwfUJmMOPuiqMFTI8kt4OQ==}
    dependencies:
      '@girs/freetype2-2.0': 2.0.0-3.2.7
      '@girs/gjs': 3.2.7
      '@girs/glib-2.0': 2.76.1-3.2.3
      '@girs/gobject-2.0': 2.76.1-3.2.3
    dev: false

  /@girs/harfbuzz-0.0@8.2.1-3.2.7:
    resolution: {integrity: sha512-2ISw/O1eW90P2jeeFuTZRBE6+z/VWCWCaYZOMTTDaF498PGljKtuexm0e5BEzVrbayU7EgSHhqxfnfpsgI2+eQ==}
    dependencies:
      '@girs/freetype2-2.0': 2.0.0-3.2.7
      '@girs/gjs': 3.2.7
      '@girs/glib-2.0': 2.78.0-3.2.7
      '@girs/gobject-2.0': 2.78.0-3.2.7
    dev: false

  /@girs/nm-1.0@1.43.1-3.1.0:
    resolution: {integrity: sha512-2jawCPFAFlBmlsQ0334+SIYZJ1zXiHClU0PRiPZPAuOx+NzIpvAjEjprynrwFHwZ2azjmSjFp5AQ/wTTiDLJ/g==}
    dependencies:
      '@girs/gio-2.0': 2.76.1-3.2.3
      '@girs/gjs': 3.2.7
      '@girs/glib-2.0': 2.76.1-3.2.3
      '@girs/gobject-2.0': 2.76.1-3.2.3
    dev: false

  /@girs/notify-0.7@0.8.3-3.2.7:
    resolution: {integrity: sha512-ngdi3gNKgog/DLOIpUFaHxWGUZoRxB5JqHj6beWAlHKFlMuuPdBnArLVy0JzuotEGXMrfC0Oask8a64DEMU7Sw==}
    dependencies:
      '@girs/gdkpixbuf-2.0': 2.0.0-3.2.7
      '@girs/gio-2.0': 2.78.0-3.2.7
      '@girs/gjs': 3.2.7
      '@girs/glib-2.0': 2.78.0-3.2.7
      '@girs/gmodule-2.0': 2.0.0-3.2.7
      '@girs/gobject-2.0': 2.78.0-3.2.7
    dev: false

  /@girs/pango-1.0@1.51.0-3.2.7:
    resolution: {integrity: sha512-wxVVMrZnaWkgBmvTM4rWE20whh0CTRiXINgmK9V2NOdJHUUD3HqIvRxChG6YJmXQcb9h4Gcgpr+OyP34IgP2Sg==}
    dependencies:
      '@girs/cairo-1.0': 1.0.0-3.2.7
      '@girs/freetype2-2.0': 2.0.0-3.2.7
      '@girs/gio-2.0': 2.78.0-3.2.7
      '@girs/gjs': 3.2.7
      '@girs/glib-2.0': 2.78.0-3.2.7
      '@girs/gobject-2.0': 2.78.0-3.2.7
      '@girs/harfbuzz-0.0': 8.2.1-3.2.7
    dev: false

  /@girs/soup-3.0@3.4.4-3.2.7:
    resolution: {integrity: sha512-g0wZX/xPgINy4gv9BsoOytjQjdUfUWmSvvOaL8l+3apWwUHGnBvA99oEye5PHh2xCEaZHhM4564DGy51TZC0/g==}
    dependencies:
      '@girs/gio-2.0': 2.78.0-3.2.7
      '@girs/gjs': 3.2.7
      '@girs/glib-2.0': 2.78.0-3.2.7
      '@girs/gobject-2.0': 2.78.0-3.2.7
    dev: false

  /@girs/xlib-2.0@2.0.0-3.2.7:
    resolution: {integrity: sha512-c4+y9V1BN7u0o2ijVuvT9WzEt7IvSJW/Dt4N7qQdTWfLnsQABPMnLuKQsZ6GRqPWBt+JBH0sOSR0tHBMLATC0g==}
    dependencies:
      '@girs/gjs': 3.2.7
      '@girs/gobject-2.0': 2.78.0-3.2.7
    dev: false

  /esbuild@0.19.11:
    resolution: {integrity: sha512-HJ96Hev2hX/6i5cDVwcqiJBBtuo9+FeIJOtZ9W1kA5M6AMJRHUZlpYZ1/SbEwtO0ioNAW8rUooVpC/WehY2SfA==}
    engines: {node: '>=12'}
    hasBin: true
    requiresBuild: true
    optionalDependencies:
      '@esbuild/aix-ppc64': 0.19.11
      '@esbuild/android-arm': 0.19.11
      '@esbuild/android-arm64': 0.19.11
      '@esbuild/android-x64': 0.19.11
      '@esbuild/darwin-arm64': 0.19.11
      '@esbuild/darwin-x64': 0.19.11
      '@esbuild/freebsd-arm64': 0.19.11
      '@esbuild/freebsd-x64': 0.19.11
      '@esbuild/linux-arm': 0.19.11
      '@esbuild/linux-arm64': 0.19.11
      '@esbuild/linux-ia32': 0.19.11
      '@esbuild/linux-loong64': 0.19.11
      '@esbuild/linux-mips64el': 0.19.11
      '@esbuild/linux-ppc64': 0.19.11
      '@esbuild/linux-riscv64': 0.19.11
      '@esbuild/linux-s390x': 0.19.11
      '@esbuild/linux-x64': 0.19.11
      '@esbuild/netbsd-x64': 0.19.11
      '@esbuild/openbsd-x64': 0.19.11
      '@esbuild/sunos-x64': 0.19.11
      '@esbuild/win32-arm64': 0.19.11
      '@esbuild/win32-ia32': 0.19.11
      '@esbuild/win32-x64': 0.19.11
    dev: false

  /typescript@5.3.3:
    resolution: {integrity: sha512-pXWcraxM0uxAS+tN0AG/BF2TyqmHO014Z070UsJ+pFvYuRSq8KH8DmWpnbXe0pEPDHXZV3FcAbJkijJ5oNEnWw==}
    engines: {node: '>=14.17'}
    hasBin: true
    dev: false

  github.com/Aylur/ags/524bad0e5ea8560ad4d9bd46862b25d7636296b6:
    resolution: {tarball: https://codeload.github.com/Aylur/ags/tar.gz/524bad0e5ea8560ad4d9bd46862b25d7636296b6}
    name: ags
    version: 1.0.0
    dependencies:
      typescript: 5.3.3
    dev: false
